// !$*UTF8*$!
{
	archiveVersion = 1;
	classes = {
	};
	objectVersion = 46;
	objects = {

/* Begin PBXBuildFile section */
		124EFB821C25155600BFEFC1 /* AppDelegate.swift in Sources */ = {isa = PBXBuildFile; fileRef = 124EFB811C25155600BFEFC1 /* AppDelegate.swift */; };
		124EFB841C25155600BFEFC1 /* ViewController.swift in Sources */ = {isa = PBXBuildFile; fileRef = 124EFB831C25155600BFEFC1 /* ViewController.swift */; };
		124EFB871C25155600BFEFC1 /* Main.storyboard in Resources */ = {isa = PBXBuildFile; fileRef = 124EFB851C25155600BFEFC1 /* Main.storyboard */; };
		124EFB891C25155600BFEFC1 /* Assets.xcassets in Resources */ = {isa = PBXBuildFile; fileRef = 124EFB881C25155600BFEFC1 /* Assets.xcassets */; };
		124EFB8C1C25155600BFEFC1 /* LaunchScreen.storyboard in Resources */ = {isa = PBXBuildFile; fileRef = 124EFB8A1C25155600BFEFC1 /* LaunchScreen.storyboard */; };
		124EFB971C25155600BFEFC1 /* TipsTests.swift in Sources */ = {isa = PBXBuildFile; fileRef = 124EFB961C25155600BFEFC1 /* TipsTests.swift */; };
		124EFBA21C25155600BFEFC1 /* TipsUITests.swift in Sources */ = {isa = PBXBuildFile; fileRef = 124EFBA11C25155600BFEFC1 /* TipsUITests.swift */; };
/* End PBXBuildFile section */

/* Begin PBXContainerItemProxy section */
		124EFB931C25155600BFEFC1 /* PBXContainerItemProxy */ = {
			isa = PBXContainerItemProxy;
			containerPortal = 124EFB761C25155500BFEFC1 /* Project object */;
			proxyType = 1;
			remoteGlobalIDString = 124EFB7D1C25155600BFEFC1;
			remoteInfo = Tips;
		};
		124EFB9E1C25155600BFEFC1 /* PBXContainerItemProxy */ = {
			isa = PBXContainerItemProxy;
			containerPortal = 124EFB761C25155500BFEFC1 /* Project object */;
			proxyType = 1;
			remoteGlobalIDString = 124EFB7D1C25155600BFEFC1;
			remoteInfo = Tips;
		};
/* End PBXContainerItemProxy section */

/* Begin PBXFileReference section */
		124EFB7E1C25155600BFEFC1 /* Tips.app */ = {isa = PBXFileReference; explicitFileType = wrapper.application; includeInIndex = 0; path = Tips.app; sourceTree = BUILT_PRODUCTS_DIR; };
		124EFB811C25155600BFEFC1 /* AppDelegate.swift */ = {isa = PBXFileReference; lastKnownFileType = sourcecode.swift; path = AppDelegate.swift; sourceTree = "<group>"; };
		124EFB831C25155600BFEFC1 /* ViewController.swift */ = {isa = PBXFileReference; lastKnownFileType = sourcecode.swift; path = ViewController.swift; sourceTree = "<group>"; };
		124EFB861C25155600BFEFC1 /* Base */ = {isa = PBXFileReference; lastKnownFileType = file.storyboard; name = Base; path = Base.lproj/Main.storyboard; sourceTree = "<group>"; };
		124EFB881C25155600BFEFC1 /* Assets.xcassets */ = {isa = PBXFileReference; lastKnownFileType = folder.assetcatalog; path = Assets.xcassets; sourceTree = "<group>"; };
		124EFB8B1C25155600BFEFC1 /* Base */ = {isa = PBXFileReference; lastKnownFileType = file.storyboard; name = Base; path = Base.lproj/LaunchScreen.storyboard; sourceTree = "<group>"; };
		124EFB8D1C25155600BFEFC1 /* Info.plist */ = {isa = PBXFileReference; lastKnownFileType = text.plist.xml; path = Info.plist; sourceTree = "<group>"; };
		124EFB921C25155600BFEFC1 /* TipsTests.xctest */ = {isa = PBXFileReference; explicitFileType = wrapper.cfbundle; includeInIndex = 0; path = TipsTests.xctest; sourceTree = BUILT_PRODUCTS_DIR; };
		124EFB961C25155600BFEFC1 /* TipsTests.swift */ = {isa = PBXFileReference; lastKnownFileType = sourcecode.swift; path = TipsTests.swift; sourceTree = "<group>"; };
		124EFB981C25155600BFEFC1 /* Info.plist */ = {isa = PBXFileReference; lastKnownFileType = text.plist.xml; path = Info.plist; sourceTree = "<group>"; };
		124EFB9D1C25155600BFEFC1 /* TipsUITests.xctest */ = {isa = PBXFileReference; explicitFileType = wrapper.cfbundle; includeInIndex = 0; path = TipsUITests.xctest; sourceTree = BUILT_PRODUCTS_DIR; };
		124EFBA11C25155600BFEFC1 /* TipsUITests.swift */ = {isa = PBXFileReference; lastKnownFileType = sourcecode.swift; path = TipsUITests.swift; sourceTree = "<group>"; };
		124EFBA31C25155600BFEFC1 /* Info.plist */ = {isa = PBXFileReference; lastKnownFileType = text.plist.xml; path = Info.plist; sourceTree = "<group>"; };
/* End PBXFileReference section */

/* Begin PBXFrameworksBuildPhase section */
		124EFB7B1C25155600BFEFC1 /* Frameworks */ = {
			isa = PBXFrameworksBuildPhase;
			buildActionMask = 2147483647;
			files = (
			);
			runOnlyForDeploymentPostprocessing = 0;
		};
		124EFB8F1C25155600BFEFC1 /* Frameworks */ = {
			isa = PBXFrameworksBuildPhase;
			buildActionMask = 2147483647;
			files = (
			);
			runOnlyForDeploymentPostprocessing = 0;
		};
		124EFB9A1C25155600BFEFC1 /* Frameworks */ = {
			isa = PBXFrameworksBuildPhase;
			buildActionMask = 2147483647;
			files = (
			);
			runOnlyForDeploymentPostprocessing = 0;
		};
/* End PBXFrameworksBuildPhase section */

/* Begin PBXGroup section */
		124EFB751C25155500BFEFC1 = {
			isa = PBXGroup;
			children = (
				124EFB801C25155600BFEFC1 /* Tips */,
				124EFB951C25155600BFEFC1 /* TipsTests */,
				124EFBA01C25155600BFEFC1 /* TipsUITests */,
				124EFB7F1C25155600BFEFC1 /* Products */,
			);
			sourceTree = "<group>";
		};
		124EFB7F1C25155600BFEFC1 /* Products */ = {
			isa = PBXGroup;
			children = (
				124EFB7E1C25155600BFEFC1 /* Tips.app */,
				124EFB921C25155600BFEFC1 /* TipsTests.xctest */,
				124EFB9D1C25155600BFEFC1 /* TipsUITests.xctest */,
			);
			name = Products;
			sourceTree = "<group>";
		};
		124EFB801C25155600BFEFC1 /* Tips */ = {
			isa = PBXGroup;
			children = (
				124EFB811C25155600BFEFC1 /* AppDelegate.swift */,
				124EFB831C25155600BFEFC1 /* ViewController.swift */,
				124EFB851C25155600BFEFC1 /* Main.storyboard */,
				124EFB881C25155600BFEFC1 /* Assets.xcassets */,
				124EFB8A1C25155600BFEFC1 /* LaunchScreen.storyboard */,
				124EFB8D1C25155600BFEFC1 /* Info.plist */,
			);
			path = Tips;
			sourceTree = "<group>";
		};
		124EFB951C25155600BFEFC1 /* TipsTests */ = {
			isa = PBXGroup;
			children = (
				124EFB961C25155600BFEFC1 /* TipsTests.swift */,
				124EFB981C25155600BFEFC1 /* Info.plist */,
			);
			path = TipsTests;
			sourceTree = "<group>";
		};
		124EFBA01C25155600BFEFC1 /* TipsUITests */ = {
			isa = PBXGroup;
			children = (
				124EFBA11C25155600BFEFC1 /* TipsUITests.swift */,
				124EFBA31C25155600BFEFC1 /* Info.plist */,
			);
			path = TipsUITests;
			sourceTree = "<group>";
		};
/* End PBXGroup section */

/* Begin PBXNativeTarget section */
		124EFB7D1C25155600BFEFC1 /* Tips */ = {
			isa = PBXNativeTarget;
			buildConfigurationList = 124EFBA61C25155600BFEFC1 /* Build configuration list for PBXNativeTarget "Tips" */;
			buildPhases = (
				124EFB7A1C25155600BFEFC1 /* Sources */,
				124EFB7B1C25155600BFEFC1 /* Frameworks */,
				124EFB7C1C25155600BFEFC1 /* Resources */,
			);
			buildRules = (
			);
			dependencies = (
			);
			name = Tips;
			productName = Tips;
			productReference = 124EFB7E1C25155600BFEFC1 /* Tips.app */;
			productType = "com.apple.product-type.application";
		};
		124EFB911C25155600BFEFC1 /* TipsTests */ = {
			isa = PBXNativeTarget;
			buildConfigurationList = 124EFBA91C25155600BFEFC1 /* Build configuration list for PBXNativeTarget "TipsTests" */;
			buildPhases = (
				124EFB8E1C25155600BFEFC1 /* Sources */,
				124EFB8F1C25155600BFEFC1 /* Frameworks */,
				124EFB901C25155600BFEFC1 /* Resources */,
			);
			buildRules = (
			);
			dependencies = (
				124EFB941C25155600BFEFC1 /* PBXTargetDependency */,
			);
			name = TipsTests;
			productName = TipsTests;
			productReference = 124EFB921C25155600BFEFC1 /* TipsTests.xctest */;
			productType = "com.apple.product-type.bundle.unit-test";
		};
		124EFB9C1C25155600BFEFC1 /* TipsUITests */ = {
			isa = PBXNativeTarget;
			buildConfigurationList = 124EFBAC1C25155600BFEFC1 /* Build configuration list for PBXNativeTarget "TipsUITests" */;
			buildPhases = (
				124EFB991C25155600BFEFC1 /* Sources */,
				124EFB9A1C25155600BFEFC1 /* Frameworks */,
				124EFB9B1C25155600BFEFC1 /* Resources */,
			);
			buildRules = (
			);
			dependencies = (
				124EFB9F1C25155600BFEFC1 /* PBXTargetDependency */,
			);
			name = TipsUITests;
			productName = TipsUITests;
			productReference = 124EFB9D1C25155600BFEFC1 /* TipsUITests.xctest */;
			productType = "com.apple.product-type.bundle.ui-testing";
		};
/* End PBXNativeTarget section */

/* Begin PBXProject section */
		124EFB761C25155500BFEFC1 /* Project object */ = {
			isa = PBXProject;
			attributes = {
				LastSwiftUpdateCheck = 0720;
				LastUpgradeCheck = 0720;
				ORGANIZATIONNAME = "Nigel Hunter";
				TargetAttributes = {
					124EFB7D1C25155600BFEFC1 = {
						CreatedOnToolsVersion = 7.2;
						DevelopmentTeam = P6D8C3N2BV;
					};
					124EFB911C25155600BFEFC1 = {
						CreatedOnToolsVersion = 7.2;
						DevelopmentTeam = P6D8C3N2BV;
						TestTargetID = 124EFB7D1C25155600BFEFC1;
					};
					124EFB9C1C25155600BFEFC1 = {
						CreatedOnToolsVersion = 7.2;
						DevelopmentTeam = P6D8C3N2BV;
						TestTargetID = 124EFB7D1C25155600BFEFC1;
					};
				};
			};
			buildConfigurationList = 124EFB791C25155500BFEFC1 /* Build configuration list for PBXProject "Tips" */;
			compatibilityVersion = "Xcode 3.2";
			developmentRegion = English;
			hasScannedForEncodings = 0;
			knownRegions = (
				en,
				Base,
			);
			mainGroup = 124EFB751C25155500BFEFC1;
			productRefGroup = 124EFB7F1C25155600BFEFC1 /* Products */;
			projectDirPath = "";
			projectRoot = "";
			targets = (
				124EFB7D1C25155600BFEFC1 /* Tips */,
				124EFB911C25155600BFEFC1 /* TipsTests */,
				124EFB9C1C25155600BFEFC1 /* TipsUITests */,
			);
		};
/* End PBXProject section */

/* Begin PBXResourcesBuildPhase section */
		124EFB7C1C25155600BFEFC1 /* Resources */ = {
			isa = PBXResourcesBuildPhase;
			buildActionMask = 2147483647;
			files = (
				124EFB8C1C25155600BFEFC1 /* LaunchScreen.storyboard in Resources */,
				124EFB891C25155600BFEFC1 /* Assets.xcassets in Resources */,
				124EFB871C25155600BFEFC1 /* Main.storyboard in Resources */,
			);
			runOnlyForDeploymentPostprocessing = 0;
		};
		124EFB901C25155600BFEFC1 /* Resources */ = {
			isa = PBXResourcesBuildPhase;
			buildActionMask = 2147483647;
			files = (
			);
			runOnlyForDeploymentPostprocessing = 0;
		};
		124EFB9B1C25155600BFEFC1 /* Resources */ = {
			isa = PBXResourcesBuildPhase;
			buildActionMask = 2147483647;
			files = (
			);
			runOnlyForDeploymentPostprocessing = 0;
		};
/* End PBXResourcesBuildPhase section */

/* Begin PBXSourcesBuildPhase section */
		124EFB7A1C25155600BFEFC1 /* Sources */ = {
			isa = PBXSourcesBuildPhase;
			buildActionMask = 2147483647;
			files = (
				124EFB841C25155600BFEFC1 /* ViewController.swift in Sources */,
				124EFB821C25155600BFEFC1 /* AppDelegate.swift in Sources */,
			);
			runOnlyForDeploymentPostprocessing = 0;
		};
		124EFB8E1C25155600BFEFC1 /* Sources */ = {
			isa = PBXSourcesBuildPhase;
			buildActionMask = 2147483647;
			files = (
				124EFB971C25155600BFEFC1 /* TipsTests.swift in Sources */,
			);
			runOnlyForDeploymentPostprocessing = 0;
		};
		124EFB991C25155600BFEFC1 /* Sources */ = {
			isa = PBXSourcesBuildPhase;
			buildActionMask = 2147483647;
			files = (
				124EFBA21C25155600BFEFC1 /* TipsUITests.swift in Sources */,
			);
			runOnlyForDeploymentPostprocessing = 0;
		};
/* End PBXSourcesBuildPhase section */

/* Begin PBXTargetDependency section */
		124EFB941C25155600BFEFC1 /* PBXTargetDependency */ = {
			isa = PBXTargetDependency;
			target = 124EFB7D1C25155600BFEFC1 /* Tips */;
			targetProxy = 124EFB931C25155600BFEFC1 /* PBXContainerItemProxy */;
		};
		124EFB9F1C25155600BFEFC1 /* PBXTargetDependency */ = {
			isa = PBXTargetDependency;
			target = 124EFB7D1C25155600BFEFC1 /* Tips */;
			targetProxy = 124EFB9E1C25155600BFEFC1 /* PBXContainerItemProxy */;
		};
/* End PBXTargetDependency section */

/* Begin PBXVariantGroup section */
		124EFB851C25155600BFEFC1 /* Main.storyboard */ = {
			isa = PBXVariantGroup;
			children = (
				124EFB861C25155600BFEFC1 /* Base */,
			);
			name = Main.storyboard;
			sourceTree = "<group>";
		};
		124EFB8A1C25155600BFEFC1 /* LaunchScreen.storyboard */ = {
			isa = PBXVariantGroup;
			children = (
				124EFB8B1C25155600BFEFC1 /* Base */,
			);
			name = LaunchScreen.storyboard;
			sourceTree = "<group>";
		};
/* End PBXVariantGroup section */

/* Begin XCBuildConfiguration section */
		124EFBA41C25155600BFEFC1 /* Debug */ = {
			isa = XCBuildConfiguration;
			buildSettings = {
				ALWAYS_SEARCH_USER_PATHS = NO;
				CLANG_CXX_LANGUAGE_STANDARD = "gnu++0x";
				CLANG_CXX_LIBRARY = "libc++";
				CLANG_ENABLE_MODULES = YES;
				CLANG_ENABLE_OBJC_ARC = YES;
				CLANG_WARN_BOOL_CONVERSION = YES;
				CLANG_WARN_CONSTANT_CONVERSION = YES;
				CLANG_WARN_DIRECT_OBJC_ISA_USAGE = YES_ERROR;
				CLANG_WARN_EMPTY_BODY = YES;
				CLANG_WARN_ENUM_CONVERSION = YES;
				CLANG_WARN_INT_CONVERSION = YES;
				CLANG_WARN_OBJC_ROOT_CLASS = YES_ERROR;
				CLANG_WARN_UNREACHABLE_CODE = YES;
				CLANG_WARN__DUPLICATE_METHOD_MATCH = YES;
				"CODE_SIGN_IDENTITY[sdk=iphoneos*]" = "iPhone Developer";
				COPY_PHASE_STRIP = NO;
				DEBUG_INFORMATION_FORMAT = dwarf;
				ENABLE_STRICT_OBJC_MSGSEND = YES;
				ENABLE_TESTABILITY = YES;
				GCC_C_LANGUAGE_STANDARD = gnu99;
				GCC_DYNAMIC_NO_PIC = NO;
				GCC_NO_COMMON_BLOCKS = YES;
				GCC_OPTIMIZATION_LEVEL = 0;
				GCC_PREPROCESSOR_DEFINITIONS = (
					"DEBUG=1",
					"$(inherited)",
				);
				GCC_WARN_64_TO_32_BIT_CONVERSION = YES;
				GCC_WARN_ABOUT_RETURN_TYPE = YES_ERROR;
				GCC_WARN_UNDECLARED_SELECTOR = YES;
				GCC_WARN_UNINITIALIZED_AUTOS = YES_AGGRESSIVE;
				GCC_WARN_UNUSED_FUNCTION = YES;
				GCC_WARN_UNUSED_VARIABLE = YES;
				IPHONEOS_DEPLOYMENT_TARGET = 9.2;
				MTL_ENABLE_DEBUG_INFO = YES;
				ONLY_ACTIVE_ARCH = YES;
				SDKROOT = iphoneos;
				SWIFT_OPTIMIZATION_LEVEL = "-Onone";
			};
			name = Debug;
		};
		124EFBA51C25155600BFEFC1 /* Release */ = {
			isa = XCBuildConfiguration;
			buildSettings = {
				ALWAYS_SEARCH_USER_PATHS = NO;
				CLANG_CXX_LANGUAGE_STANDARD = "gnu++0x";
				CLANG_CXX_LIBRARY = "libc++";
				CLANG_ENABLE_MODULES = YES;
				CLANG_ENABLE_OBJC_ARC = YES;
				CLANG_WARN_BOOL_CONVERSION = YES;
				CLANG_WARN_CONSTANT_CONVERSION = YES;
				CLANG_WARN_DIRECT_OBJC_ISA_USAGE = YES_ERROR;
				CLANG_WARN_EMPTY_BODY = YES;
				CLANG_WARN_ENUM_CONVERSION = YES;
				CLANG_WARN_INT_CONVERSION = YES;
				CLANG_WARN_OBJC_ROOT_CLASS = YES_ERROR;
				CLANG_WARN_UNREACHABLE_CODE = YES;
				CLANG_WARN__DUPLICATE_METHOD_MATCH = YES;
				"CODE_SIGN_IDENTITY[sdk=iphoneos*]" = "iPhone Developer";
				COPY_PHASE_STRIP = NO;
				DEBUG_INFORMATION_FORMAT = "dwarf-with-dsym";
				ENABLE_NS_ASSERTIONS = NO;
				ENABLE_STRICT_OBJC_MSGSEND = YES;
				GCC_C_LANGUAGE_STANDARD = gnu99;
				GCC_NO_COMMON_BLOCKS = YES;
				GCC_WARN_64_TO_32_BIT_CONVERSION = YES;
				GCC_WARN_ABOUT_RETURN_TYPE = YES_ERROR;
				GCC_WARN_UNDECLARED_SELECTOR = YES;
				GCC_WARN_UNINITIALIZED_AUTOS = YES_AGGRESSIVE;
				GCC_WARN_UNUSED_FUNCTION = YES;
				GCC_WARN_UNUSED_VARIABLE = YES;
				IPHONEOS_DEPLOYMENT_TARGET = 9.2;
				MTL_ENABLE_DEBUG_INFO = NO;
				SDKROOT = iphoneos;
				VALIDATE_PRODUCT = YES;
			};
			name = Release;
		};
		124EFBA71C25155600BFEFC1 /* Debug */ = {
			isa = XCBuildConfiguration;
			buildSettings = {
				ASSETCATALOG_COMPILER_APPICON_NAME = AppIcon;
				INFOPLIST_FILE = Tips/Info.plist;
				LD_RUNPATH_SEARCH_PATHS = "$(inherited) @executable_path/Frameworks";
				PRODUCT_BUNDLE_IDENTIFIER = com.nigelhunter.Tips;
				PRODUCT_NAME = "$(TARGET_NAME)";
			};
			name = Debug;
		};
		124EFBA81C25155600BFEFC1 /* Release */ = {
			isa = XCBuildConfiguration;
			buildSettings = {
				ASSETCATALOG_COMPILER_APPICON_NAME = AppIcon;
				INFOPLIST_FILE = Tips/Info.plist;
				LD_RUNPATH_SEARCH_PATHS = "$(inherited) @executable_path/Frameworks";
				PRODUCT_BUNDLE_IDENTIFIER = com.nigelhunter.Tips;
				PRODUCT_NAME = "$(TARGET_NAME)";
			};
			name = Release;
		};
		124EFBAA1C25155600BFEFC1 /* Debug */ = {
			isa = XCBuildConfiguration;
			buildSettings = {
				BUNDLE_LOADER = "$(TEST_HOST)";
				INFOPLIST_FILE = TipsTests/Info.plist;
				LD_RUNPATH_SEARCH_PATHS = "$(inherited) @executable_path/Frameworks @loader_path/Frameworks";
				PRODUCT_BUNDLE_IDENTIFIER = com.nigelhunter.TipsTests;
				PRODUCT_NAME = "$(TARGET_NAME)";
				TEST_HOST = "$(BUILT_PRODUCTS_DIR)/Tips.app/Tips";
			};
			name = Debug;
		};
		124EFBAB1C25155600BFEFC1 /* Release */ = {
			isa = XCBuildConfiguration;
			buildSettings = {
				BUNDLE_LOADER = "$(TEST_HOST)";
				INFOPLIST_FILE = TipsTests/Info.plist;
				LD_RUNPATH_SEARCH_PATHS = "$(inherited) @executable_path/Frameworks @loader_path/Frameworks";
				PRODUCT_BUNDLE_IDENTIFIER = com.nigelhunter.TipsTests;
				PRODUCT_NAME = "$(TARGET_NAME)";
				TEST_HOST = "$(BUILT_PRODUCTS_DIR)/Tips.app/Tips";
			};
			name = Release;
		};
		124EFBAD1C25155600BFEFC1 /* Debug */ = {
			isa = XCBuildConfiguration;
			buildSettings = {
				INFOPLIST_FILE = TipsUITests/Info.plist;
				LD_RUNPATH_SEARCH_PATHS = "$(inherited) @executable_path/Frameworks @loader_path/Frameworks";
				PRODUCT_BUNDLE_IDENTIFIER = com.nigelhunter.TipsUITests;
				PRODUCT_NAME = "$(TARGET_NAME)";
				TEST_TARGET_NAME = Tips;
				USES_XCTRUNNER = YES;
			};
			name = Debug;
		};
		124EFBAE1C25155600BFEFC1 /* Release */ = {
			isa = XCBuildConfiguration;
			buildSettings = {
				INFOPLIST_FILE = TipsUITests/Info.plist;
				LD_RUNPATH_SEARCH_PATHS = "$(inherited) @executable_path/Frameworks @loader_path/Frameworks";
				PRODUCT_BUNDLE_IDENTIFIER = com.nigelhunter.TipsUITests;
				PRODUCT_NAME = "$(TARGET_NAME)";
				TEST_TARGET_NAME = Tips;
				USES_XCTRUNNER = YES;
			};
			name = Release;
		};
/* End XCBuildConfiguration section */

/* Begin XCConfigurationList section */
		124EFB791C25155500BFEFC1 /* Build configuration list for PBXProject "Tips" */ = {
			isa = XCConfigurationList;
			buildConfigurations = (
				124EFBA41C25155600BFEFC1 /* Debug */,
				124EFBA51C25155600BFEFC1 /* Release */,
			);
			defaultConfigurationIsVisible = 0;
			defaultConfigurationName = Release;
		};
		124EFBA61C25155600BFEFC1 /* Build configuration list for PBXNativeTarget "Tips" */ = {
			isa = XCConfigurationList;
			buildConfigurations = (
				124EFBA71C25155600BFEFC1 /* Debug */,
				124EFBA81C25155600BFEFC1 /* Release */,
			);
			defaultConfigurationIsVisible = 0;
		};
		124EFBA91C25155600BFEFC1 /* Build configuration list for PBXNativeTarget "TipsTests" */ = {
			isa = XCConfigurationList;
			buildConfigurations = (
				124EFBAA1C25155600BFEFC1 /* Debug */,
				124EFBAB1C25155600BFEFC1 /* Release */,
			);
			defaultConfigurationIsVisible = 0;
		};
		124EFBAC1C25155600BFEFC1 /* Build configuration list for PBXNativeTarget "TipsUITests" */ = {
			isa = XCConfigurationList;
			buildConfigurations = (
				124EFBAD1C25155600BFEFC1 /* Debug */,
				124EFBAE1C25155600BFEFC1 /* Release */,
			);
			defaultConfigurationIsVisible = 0;
		};
/* End XCConfigurationList section */
	};
	rootObject = 124EFB761C25155500BFEFC1 /* Project object */;
}
